Microsoft Visual Studio Solution File, Format Version 11.00
# Visual Studio 2008

Project("{5B5D8227-2605-F305-A386-0D17DA128AF9}") = "LetsMakeAGame", "Assembly-CSharp.csproj", "{89E4DCED-4CE9-8140-99B2-011E3E974C99}"
EndProject
Global
	GlobalSection(SolutionConfigurationPlatforms) = preSolution
		Debug|Any CPU = Debug|Any CPU
		Release|Any CPU = Release|Any CPU
	EndGlobalSection
	GlobalSection(ProjectConfigurationPlatforms) = postSolution
		{89E4DCED-4CE9-8140-99B2-011E3E974C99}.Debug|Any CPU.ActiveCfg = Debug|Any CPU
		{89E4DCED-4CE9-8140-99B2-011E3E974C99}.Debug|Any CPU.Build.0 = Debug|Any CPU
		{89E4DCED-4CE9-8140-99B2-011E3E974C99}.Release|Any CPU.ActiveCfg = Release|Any CPU
		{89E4DCED-4CE9-8140-99B2-011E3E974C99}.Release|Any CPU.Build.0 = Release|Any CPU
	EndGlobalSection
	GlobalSection(SolutionProperties) = preSolution
		HideSolutionNode = FALSE
	EndGlobalSection
	GlobalSection(MonoDevelopProperties) = preSolution
		StartupItem = Assembly-CSharp.csproj
	EndGlobalSection
EndGlobal
